// !$*UTF8*$!
{
	archiveVersion = 1;
	classes = {
	};
	objectVersion = 55;
	objects = {

/* Begin PBXBuildFile section */
		022A44CD2801DED300424FC5 /* AppDelegate.swift in Sources */ = {isa = PBXBuildFile; fileRef = 022A44CC2801DED300424FC5 /* AppDelegate.swift */; };
		022A44CF2801DED300424FC5 /* SceneDelegate.swift in Sources */ = {isa = PBXBuildFile; fileRef = 022A44CE2801DED300424FC5 /* SceneDelegate.swift */; };
		022A44D62801DED300424FC5 /* Assets.xcassets in Resources */ = {isa = PBXBuildFile; fileRef = 022A44D52801DED300424FC5 /* Assets.xcassets */; };
		023D53F92803373E00578F6E /* UIImageViewExtention.swift in Sources */ = {isa = PBXBuildFile; fileRef = 023D53F82803373E00578F6E /* UIImageViewExtention.swift */; };
		023D53FB28033AB500578F6E /* PhotosCell.swift in Sources */ = {isa = PBXBuildFile; fileRef = 023D53FA28033AB500578F6E /* PhotosCell.swift */; };
		029DE7252801E12100FFD473 /* Main.storyboard in Resources */ = {isa = PBXBuildFile; fileRef = 029DE7242801E12100FFD473 /* Main.storyboard */; };
		029DE72B2801E52C00FFD473 /* AuthViewController.swift in Sources */ = {isa = PBXBuildFile; fileRef = 029DE72A2801E52C00FFD473 /* AuthViewController.swift */; };
		029DE72D2801E56A00FFD473 /* VKDelegate.swift in Sources */ = {isa = PBXBuildFile; fileRef = 029DE72C2801E56A00FFD473 /* VKDelegate.swift */; };
		029DE7312801EB0A00FFD473 /* PhotosViewController.swift in Sources */ = {isa = PBXBuildFile; fileRef = 029DE7302801EB0A00FFD473 /* PhotosViewController.swift */; };
		029DE7332801ECAB00FFD473 /* PhotosView.xib in Resources */ = {isa = PBXBuildFile; fileRef = 029DE7322801ECAB00FFD473 /* PhotosView.xib */; };
		029DE7352801F24C00FFD473 /* PhotoDownloader.swift in Sources */ = {isa = PBXBuildFile; fileRef = 029DE7342801F24C00FFD473 /* PhotoDownloader.swift */; };
		029DE7382802162400FFD473 /* PhotosStruct.swift in Sources */ = {isa = PBXBuildFile; fileRef = 029DE7372802162400FFD473 /* PhotosStruct.swift */; };
		02F0FF4428051FA200D46444 /* DetailViewController.swift in Sources */ = {isa = PBXBuildFile; fileRef = 02F0FF4228051FA200D46444 /* DetailViewController.swift */; };
		02F0FF4528051FA200D46444 /* DetailViewController.xib in Resources */ = {isa = PBXBuildFile; fileRef = 02F0FF4328051FA200D46444 /* DetailViewController.xib */; };
		B452FF361BF31E881E93EB85 /* Pods_MobUpTestTask.framework in Frameworks */ = {isa = PBXBuildFile; fileRef = 0B6BCFC3BEC8C9F1B3101A14 /* Pods_MobUpTestTask.framework */; };
/* End PBXBuildFile section */

/* Begin PBXFileReference section */
		022A44C92801DED300424FC5 /* MobUpTestTask.app */ = {isa = PBXFileReference; explicitFileType = wrapper.application; includeInIndex = 0; path = MobUpTestTask.app; sourceTree = BUILT_PRODUCTS_DIR; };
		022A44CC2801DED300424FC5 /* AppDelegate.swift */ = {isa = PBXFileReference; lastKnownFileType = sourcecode.swift; path = AppDelegate.swift; sourceTree = "<group>"; };
		022A44CE2801DED300424FC5 /* SceneDelegate.swift */ = {isa = PBXFileReference; lastKnownFileType = sourcecode.swift; path = SceneDelegate.swift; sourceTree = "<group>"; };
		022A44D52801DED300424FC5 /* Assets.xcassets */ = {isa = PBXFileReference; lastKnownFileType = folder.assetcatalog; path = Assets.xcassets; sourceTree = "<group>"; };
		022A44DA2801DED300424FC5 /* Info.plist */ = {isa = PBXFileReference; lastKnownFileType = text.plist.xml; path = Info.plist; sourceTree = "<group>"; };
		023D53F82803373E00578F6E /* UIImageViewExtention.swift */ = {isa = PBXFileReference; lastKnownFileType = sourcecode.swift; path = UIImageViewExtention.swift; sourceTree = "<group>"; };
		023D53FA28033AB500578F6E /* PhotosCell.swift */ = {isa = PBXFileReference; lastKnownFileType = sourcecode.swift; path = PhotosCell.swift; sourceTree = "<group>"; };
		029DE7242801E12100FFD473 /* Main.storyboard */ = {isa = PBXFileReference; fileEncoding = 4; lastKnownFileType = file.storyboard; name = Main.storyboard; path = MobUpTestTask/Views/Main.storyboard; sourceTree = SOURCE_ROOT; };
		029DE72A2801E52C00FFD473 /* AuthViewController.swift */ = {isa = PBXFileReference; fileEncoding = 4; lastKnownFileType = sourcecode.swift; name = AuthViewController.swift; path = MobUpTestTask/Controllers/AuthViewController.swift; sourceTree = SOURCE_ROOT; };
		029DE72C2801E56A00FFD473 /* VKDelegate.swift */ = {isa = PBXFileReference; fileEncoding = 4; lastKnownFileType = sourcecode.swift; path = VKDelegate.swift; sourceTree = "<group>"; };
		029DE7302801EB0A00FFD473 /* PhotosViewController.swift */ = {isa = PBXFileReference; lastKnownFileType = sourcecode.swift; path = PhotosViewController.swift; sourceTree = "<group>"; };
		029DE7322801ECAB00FFD473 /* PhotosView.xib */ = {isa = PBXFileReference; lastKnownFileType = file.xib; path = PhotosView.xib; sourceTree = "<group>"; };
		029DE7342801F24C00FFD473 /* PhotoDownloader.swift */ = {isa = PBXFileReference; lastKnownFileType = sourcecode.swift; path = PhotoDownloader.swift; sourceTree = "<group>"; };
		029DE7372802162400FFD473 /* PhotosStruct.swift */ = {isa = PBXFileReference; lastKnownFileType = sourcecode.swift; path = PhotosStruct.swift; sourceTree = "<group>"; };
		02F0FF4228051FA200D46444 /* DetailViewController.swift */ = {isa = PBXFileReference; lastKnownFileType = sourcecode.swift; path = DetailViewController.swift; sourceTree = "<group>"; };
		02F0FF4328051FA200D46444 /* DetailViewController.xib */ = {isa = PBXFileReference; lastKnownFileType = file.xib; path = DetailViewController.xib; sourceTree = "<group>"; };
		0B6BCFC3BEC8C9F1B3101A14 /* Pods_MobUpTestTask.framework */ = {isa = PBXFileReference; explicitFileType = wrapper.framework; includeInIndex = 0; path = Pods_MobUpTestTask.framework; sourceTree = BUILT_PRODUCTS_DIR; };
		65EFB1EFB5BA72C83B41406F /* Pods-MobUpTestTask.release.xcconfig */ = {isa = PBXFileReference; includeInIndex = 1; lastKnownFileType = text.xcconfig; name = "Pods-MobUpTestTask.release.xcconfig"; path = "Target Support Files/Pods-MobUpTestTask/Pods-MobUpTestTask.release.xcconfig"; sourceTree = "<group>"; };
		DB1DC0D652FE15B8F4ACC9F6 /* Pods-MobUpTestTask.debug.xcconfig */ = {isa = PBXFileReference; includeInIndex = 1; lastKnownFileType = text.xcconfig; name = "Pods-MobUpTestTask.debug.xcconfig"; path = "Target Support Files/Pods-MobUpTestTask/Pods-MobUpTestTask.debug.xcconfig"; sourceTree = "<group>"; };
/* End PBXFileReference section */

/* Begin PBXFrameworksBuildPhase section */
		022A44C62801DED300424FC5 /* Frameworks */ = {
			isa = PBXFrameworksBuildPhase;
			buildActionMask = 2147483647;
			files = (
				B452FF361BF31E881E93EB85 /* Pods_MobUpTestTask.framework in Frameworks */,
			);
			runOnlyForDeploymentPostprocessing = 0;
		};
/* End PBXFrameworksBuildPhase section */

/* Begin PBXGroup section */
		022A44C02801DED300424FC5 = {
			isa = PBXGroup;
			children = (
				022A44CB2801DED300424FC5 /* MobUpTestTask */,
				022A44CA2801DED300424FC5 /* Products */,
				27A1F21187442F1052086263 /* Pods */,
				43F0296BC8F3BA8EF98B0402 /* Frameworks */,
			);
			sourceTree = "<group>";
		};
		022A44CA2801DED300424FC5 /* Products */ = {
			isa = PBXGroup;
			children = (
				022A44C92801DED300424FC5 /* MobUpTestTask.app */,
			);
			name = Products;
			sourceTree = "<group>";
		};
		022A44CB2801DED300424FC5 /* MobUpTestTask */ = {
			isa = PBXGroup;
			children = (
				02F0FF4A2805FAAF00D46444 /* Controllers */,
				02F0FF492805FAA100D46444 /* Extentions */,
				02F0FF482805FA8400D46444 /* Models */,
				02F0FF472805FA5F00D46444 /* Views */,
				02F0FF462805F9CC00D46444 /* Application */,
				022A44D52801DED300424FC5 /* Assets.xcassets */,
				022A44DA2801DED300424FC5 /* Info.plist */,
			);
			path = MobUpTestTask;
			sourceTree = "<group>";
		};
		02F0FF462805F9CC00D46444 /* Application */ = {
			isa = PBXGroup;
			children = (
				022A44CC2801DED300424FC5 /* AppDelegate.swift */,
				022A44CE2801DED300424FC5 /* SceneDelegate.swift */,
				029DE72C2801E56A00FFD473 /* VKDelegate.swift */,
			);
			path = Application;
			sourceTree = "<group>";
		};
		02F0FF472805FA5F00D46444 /* Views */ = {
			isa = PBXGroup;
			children = (
				02F0FF4328051FA200D46444 /* DetailViewController.xib */,
				029DE7322801ECAB00FFD473 /* PhotosView.xib */,
				029DE7242801E12100FFD473 /* Main.storyboard */,
			);
			path = Views;
			sourceTree = "<group>";
		};
		02F0FF482805FA8400D46444 /* Models */ = {
			isa = PBXGroup;
			children = (
				029DE7342801F24C00FFD473 /* PhotoDownloader.swift */,
				029DE7372802162400FFD473 /* PhotosStruct.swift */,
			);
			path = Models;
			sourceTree = "<group>";
		};
		02F0FF492805FAA100D46444 /* Extentions */ = {
			isa = PBXGroup;
			children = (
				023D53F82803373E00578F6E /* UIImageViewExtention.swift */,
			);
			path = Extentions;
			sourceTree = "<group>";
		};
		02F0FF4A2805FAAF00D46444 /* Controllers */ = {
			isa = PBXGroup;
			children = (
				029DE7302801EB0A00FFD473 /* PhotosViewController.swift */,
				02F0FF4228051FA200D46444 /* DetailViewController.swift */,
				023D53FA28033AB500578F6E /* PhotosCell.swift */,
				029DE72A2801E52C00FFD473 /* AuthViewController.swift */,
			);
			path = Controllers;
			sourceTree = "<group>";
		};
		27A1F21187442F1052086263 /* Pods */ = {
			isa = PBXGroup;
			children = (
				DB1DC0D652FE15B8F4ACC9F6 /* Pods-MobUpTestTask.debug.xcconfig */,
				65EFB1EFB5BA72C83B41406F /* Pods-MobUpTestTask.release.xcconfig */,
			);
			path = Pods;
			sourceTree = "<group>";
		};
		43F0296BC8F3BA8EF98B0402 /* Frameworks */ = {
			isa = PBXGroup;
			children = (
				0B6BCFC3BEC8C9F1B3101A14 /* Pods_MobUpTestTask.framework */,
			);
			name = Frameworks;
			sourceTree = "<group>";
		};
/* End PBXGroup section */

/* Begin PBXNativeTarget section */
		022A44C82801DED300424FC5 /* MobUpTestTask */ = {
			isa = PBXNativeTarget;
			buildConfigurationList = 022A44DD2801DED300424FC5 /* Build configuration list for PBXNativeTarget "MobUpTestTask" */;
			buildPhases = (
				644A60C002B918D9FA4100B9 /* [CP] Check Pods Manifest.lock */,
				022A44C52801DED300424FC5 /* Sources */,
				022A44C62801DED300424FC5 /* Frameworks */,
				022A44C72801DED300424FC5 /* Resources */,
				57D69EBB69BBFE36282A8DEE /* [CP] Embed Pods Frameworks */,
			);
			buildRules = (
			);
			dependencies = (
			);
			name = MobUpTestTask;
			productName = MobUpTestTask;
			productReference = 022A44C92801DED300424FC5 /* MobUpTestTask.app */;
			productType = "com.apple.product-type.application";
		};
/* End PBXNativeTarget section */

/* Begin PBXProject section */
		022A44C12801DED300424FC5 /* Project object */ = {
			isa = PBXProject;
			attributes = {
				BuildIndependentTargetsInParallel = 1;
				LastSwiftUpdateCheck = 1330;
				LastUpgradeCheck = 1330;
				TargetAttributes = {
					022A44C82801DED300424FC5 = {
						CreatedOnToolsVersion = 13.3;
					};
				};
			};
			buildConfigurationList = 022A44C42801DED300424FC5 /* Build configuration list for PBXProject "MobUpTestTask" */;
			compatibilityVersion = "Xcode 13.0";
			developmentRegion = en;
			hasScannedForEncodings = 0;
			knownRegions = (
				en,
				Base,
			);
			mainGroup = 022A44C02801DED300424FC5;
			productRefGroup = 022A44CA2801DED300424FC5 /* Products */;
			projectDirPath = "";
			projectRoot = "";
			targets = (
				022A44C82801DED300424FC5 /* MobUpTestTask */,
			);
		};
/* End PBXProject section */

/* Begin PBXResourcesBuildPhase section */
		022A44C72801DED300424FC5 /* Resources */ = {
			isa = PBXResourcesBuildPhase;
			buildActionMask = 2147483647;
			files = (
				029DE7332801ECAB00FFD473 /* PhotosView.xib in Resources */,
				02F0FF4528051FA200D46444 /* DetailViewController.xib in Resources */,
				022A44D62801DED300424FC5 /* Assets.xcassets in Resources */,
				029DE7252801E12100FFD473 /* Main.storyboard in Resources */,
			);
			runOnlyForDeploymentPostprocessing = 0;
		};
/* End PBXResourcesBuildPhase section */

/* Begin PBXShellScriptBuildPhase section */
		57D69EBB69BBFE36282A8DEE /* [CP] Embed Pods Frameworks */ = {
			isa = PBXShellScriptBuildPhase;
			buildActionMask = 2147483647;
			files = (
			);
			inputFileListPaths = (
				"${PODS_ROOT}/Target Support Files/Pods-MobUpTestTask/Pods-MobUpTestTask-frameworks-${CONFIGURATION}-input-files.xcfilelist",
			);
			name = "[CP] Embed Pods Frameworks";
			outputFileListPaths = (
				"${PODS_ROOT}/Target Support Files/Pods-MobUpTestTask/Pods-MobUpTestTask-frameworks-${CONFIGURATION}-output-files.xcfilelist",
			);
			runOnlyForDeploymentPostprocessing = 0;
			shellPath = /bin/sh;
			shellScript = "\"${PODS_ROOT}/Target Support Files/Pods-MobUpTestTask/Pods-MobUpTestTask-frameworks.sh\"\n";
			showEnvVarsInLog = 0;
		};
		644A60C002B918D9FA4100B9 /* [CP] Check Pods Manifest.lock */ = {
			isa = PBXShellScriptBuildPhase;
			buildActionMask = 2147483647;
			files = (
			);
			inputFileListPaths = (
			);
			inputPaths = (
				"${PODS_PODFILE_DIR_PATH}/Podfile.lock",
				"${PODS_ROOT}/Manifest.lock",
			);
			name = "[CP] Check Pods Manifest.lock";
			outputFileListPaths = (
			);
			outputPaths = (
				"$(DERIVED_FILE_DIR)/Pods-MobUpTestTask-checkManifestLockResult.txt",
			);
			runOnlyForDeploymentPostprocessing = 0;
			shellPath = /bin/sh;
			shellScript = "diff \"${PODS_PODFILE_DIR_PATH}/Podfile.lock\" \"${PODS_ROOT}/Manifest.lock\" > /dev/null\nif [ $? != 0 ] ; then\n    # print error to STDERR\n    echo \"error: The sandbox is not in sync with the Podfile.lock. Run 'pod install' or update your CocoaPods installation.\" >&2\n    exit 1\nfi\n# This output is used by Xcode 'outputs' to avoid re-running this script phase.\necho \"SUCCESS\" > \"${SCRIPT_OUTPUT_FILE_0}\"\n";
			showEnvVarsInLog = 0;
		};
/* End PBXShellScriptBuildPhase section */

/* Begin PBXSourcesBuildPhase section */
		022A44C52801DED300424FC5 /* Sources */ = {
			isa = PBXSourcesBuildPhase;
			buildActionMask = 2147483647;
			files = (
				023D53F92803373E00578F6E /* UIImageViewExtention.swift in Sources */,
				022A44CD2801DED300424FC5 /* AppDelegate.swift in Sources */,
				029DE7352801F24C00FFD473 /* PhotoDownloader.swift in Sources */,
				029DE7382802162400FFD473 /* PhotosStruct.swift in Sources */,
				029DE72B2801E52C00FFD473 /* AuthViewController.swift in Sources */,
				022A44CF2801DED300424FC5 /* SceneDelegate.swift in Sources */,
				029DE72D2801E56A00FFD473 /* VKDelegate.swift in Sources */,
				02F0FF4428051FA200D46444 /* DetailViewController.swift in Sources */,
				029DE7312801EB0A00FFD473 /* PhotosViewController.swift in Sources */,
				023D53FB28033AB500578F6E /* PhotosCell.swift in Sources */,
			);
			runOnlyForDeploymentPostprocessing = 0;
		};
/* End PBXSourcesBuildPhase section */

/* Begin XCBuildConfiguration section */
		022A44DB2801DED300424FC5 /* Debug */ = {
			isa = XCBuildConfiguration;
			buildSettings = {
				ALWAYS_SEARCH_USER_PATHS = NO;
				CLANG_ANALYZER_NONNULL = YES;
				CLANG_ANALYZER_NUMBER_OBJECT_CONVERSION = YES_AGGRESSIVE;
				CLANG_CXX_LANGUAGE_STANDARD = "gnu++17";
				CLANG_ENABLE_MODULES = YES;
				CLANG_ENABLE_OBJC_ARC = YES;
				CLANG_ENABLE_OBJC_WEAK = YES;
				CLANG_WARN_BLOCK_CAPTURE_AUTORELEASING = YES;
				CLANG_WARN_BOOL_CONVERSION = YES;
				CLANG_WARN_COMMA = YES;
				CLANG_WARN_CONSTANT_CONVERSION = YES;
				CLANG_WARN_DEPRECATED_OBJC_IMPLEMENTATIONS = YES;
				CLANG_WARN_DIRECT_OBJC_ISA_USAGE = YES_ERROR;
				CLANG_WARN_DOCUMENTATION_COMMENTS = YES;
				CLANG_WARN_EMPTY_BODY = YES;
				CLANG_WARN_ENUM_CONVERSION = YES;
				CLANG_WARN_INFINITE_RECURSION = YES;
				CLANG_WARN_INT_CONVERSION = YES;
				CLANG_WARN_NON_LITERAL_NULL_CONVERSION = YES;
				CLANG_WARN_OBJC_IMPLICIT_RETAIN_SELF = YES;
				CLANG_WARN_OBJC_LITERAL_CONVERSION = YES;
				CLANG_WARN_OBJC_ROOT_CLASS = YES_ERROR;
				CLANG_WARN_QUOTED_INCLUDE_IN_FRAMEWORK_HEADER = YES;
				CLANG_WARN_RANGE_LOOP_ANALYSIS = YES;
				CLANG_WARN_STRICT_PROTOTYPES = YES;
				CLANG_WARN_SUSPICIOUS_MOVE = YES;
				CLANG_WARN_UNGUARDED_AVAILABILITY = YES_AGGRESSIVE;
				CLANG_WARN_UNREACHABLE_CODE = YES;
				CLANG_WARN__DUPLICATE_METHOD_MATCH = YES;
				COPY_PHASE_STRIP = NO;
				DEBUG_INFORMATION_FORMAT = dwarf;
				ENABLE_STRICT_OBJC_MSGSEND = YES;
				ENABLE_TESTABILITY = YES;
				GCC_C_LANGUAGE_STANDARD = gnu11;
				GCC_DYNAMIC_NO_PIC = NO;
				GCC_NO_COMMON_BLOCKS = YES;
				GCC_OPTIMIZATION_LEVEL = 0;
				GCC_PREPROCESSOR_DEFINITIONS = (
					"DEBUG=1",
					"$(inherited)",
				);
				GCC_WARN_64_TO_32_BIT_CONVERSION = YES;
				GCC_WARN_ABOUT_RETURN_TYPE = YES_ERROR;
				GCC_WARN_UNDECLARED_SELECTOR = YES;
				GCC_WARN_UNINITIALIZED_AUTOS = YES_AGGRESSIVE;
				GCC_WARN_UNUSED_FUNCTION = YES;
				GCC_WARN_UNUSED_VARIABLE = YES;
				IPHONEOS_DEPLOYMENT_TARGET = 15.4;
				MTL_ENABLE_DEBUG_INFO = INCLUDE_SOURCE;
				MTL_FAST_MATH = YES;
				ONLY_ACTIVE_ARCH = YES;
				SDKROOT = iphoneos;
				SWIFT_ACTIVE_COMPILATION_CONDITIONS = DEBUG;
				SWIFT_OPTIMIZATION_LEVEL = "-Onone";
			};
			name = Debug;
		};
		022A44DC2801DED300424FC5 /* Release */ = {
			isa = XCBuildConfiguration;
			buildSettings = {
				ALWAYS_SEARCH_USER_PATHS = NO;
				CLANG_ANALYZER_NONNULL = YES;
				CLANG_ANALYZER_NUMBER_OBJECT_CONVERSION = YES_AGGRESSIVE;
				CLANG_CXX_LANGUAGE_STANDARD = "gnu++17";
				CLANG_ENABLE_MODULES = YES;
				CLANG_ENABLE_OBJC_ARC = YES;
				CLANG_ENABLE_OBJC_WEAK = YES;
				CLANG_WARN_BLOCK_CAPTURE_AUTORELEASING = YES;
				CLANG_WARN_BOOL_CONVERSION = YES;
				CLANG_WARN_COMMA = YES;
				CLANG_WARN_CONSTANT_CONVERSION = YES;
				CLANG_WARN_DEPRECATED_OBJC_IMPLEMENTATIONS = YES;
				CLANG_WARN_DIRECT_OBJC_ISA_USAGE = YES_ERROR;
				CLANG_WARN_DOCUMENTATION_COMMENTS = YES;
				CLANG_WARN_EMPTY_BODY = YES;
				CLANG_WARN_ENUM_CONVERSION = YES;
				CLANG_WARN_INFINITE_RECURSION = YES;
				CLANG_WARN_INT_CONVERSION = YES;
				CLANG_WARN_NON_LITERAL_NULL_CONVERSION = YES;
				CLANG_WARN_OBJC_IMPLICIT_RETAIN_SELF = YES;
				CLANG_WARN_OBJC_LITERAL_CONVERSION = YES;
				CLANG_WARN_OBJC_ROOT_CLASS = YES_ERROR;
				CLANG_WARN_QUOTED_INCLUDE_IN_FRAMEWORK_HEADER = YES;
				CLANG_WARN_RANGE_LOOP_ANALYSIS = YES;
				CLANG_WARN_STRICT_PROTOTYPES = YES;
				CLANG_WARN_SUSPICIOUS_MOVE = YES;
				CLANG_WARN_UNGUARDED_AVAILABILITY = YES_AGGRESSIVE;
				CLANG_WARN_UNREACHABLE_CODE = YES;
				CLANG_WARN__DUPLICATE_METHOD_MATCH = YES;
				COPY_PHASE_STRIP = NO;
				DEBUG_INFORMATION_FORMAT = "dwarf-with-dsym";
				ENABLE_NS_ASSERTIONS = NO;
				ENABLE_STRICT_OBJC_MSGSEND = YES;
				GCC_C_LANGUAGE_STANDARD = gnu11;
				GCC_NO_COMMON_BLOCKS = YES;
				GCC_WARN_64_TO_32_BIT_CONVERSION = YES;
				GCC_WARN_ABOUT_RETURN_TYPE = YES_ERROR;
				GCC_WARN_UNDECLARED_SELECTOR = YES;
				GCC_WARN_UNINITIALIZED_AUTOS = YES_AGGRESSIVE;
				GCC_WARN_UNUSED_FUNCTION = YES;
				GCC_WARN_UNUSED_VARIABLE = YES;
				IPHONEOS_DEPLOYMENT_TARGET = 15.4;
				MTL_ENABLE_DEBUG_INFO = NO;
				MTL_FAST_MATH = YES;
				SDKROOT = iphoneos;
				SWIFT_COMPILATION_MODE = wholemodule;
				SWIFT_OPTIMIZATION_LEVEL = "-O";
				VALIDATE_PRODUCT = YES;
			};
			name = Release;
		};
		022A44DE2801DED300424FC5 /* Debug */ = {
			isa = XCBuildConfiguration;
			baseConfigurationReference = DB1DC0D652FE15B8F4ACC9F6 /* Pods-MobUpTestTask.debug.xcconfig */;
			buildSettings = {
				ASSETCATALOG_COMPILER_APPICON_NAME = AppIcon;
				ASSETCATALOG_COMPILER_GLOBAL_ACCENT_COLOR_NAME = AccentColor;
				CODE_SIGN_STYLE = Automatic;
				CURRENT_PROJECT_VERSION = 1;
				DEVELOPMENT_TEAM = R82749YG66;
				GENERATE_INFOPLIST_FILE = YES;
				INFOPLIST_FILE = MobUpTestTask/Info.plist;
				INFOPLIST_KEY_NSPhotoLibraryAddUsageDescription = "We want to save the filtered photo";
				INFOPLIST_KEY_UIApplicationSupportsIndirectInputEvents = YES;
				INFOPLIST_KEY_UILaunchStoryboardName = LaunchScreen;
				INFOPLIST_KEY_UIMainStoryboardFile = Main;
				INFOPLIST_KEY_UISupportedInterfaceOrientations = UIInterfaceOrientationPortrait;
				INFOPLIST_KEY_UISupportedInterfaceOrientations_iPad = "UIInterfaceOrientationPortrait UIInterfaceOrientationPortraitUpsideDown UIInterfaceOrientationLandscapeLeft UIInterfaceOrientationLandscapeRight";
				INFOPLIST_KEY_UISupportedInterfaceOrientations_iPhone = "UIInterfaceOrientationPortrait UIInterfaceOrientationLandscapeLeft UIInterfaceOrientationLandscapeRight";
				IPHONEOS_DEPLOYMENT_TARGET = 13.0;
				LD_RUNPATH_SEARCH_PATHS = (
					"$(inherited)",
					"@executable_path/Frameworks",
				);
				MARKETING_VERSION = 1.0;
				PRODUCT_BUNDLE_IDENTIFIER = sibe57.MobUpTestTask;
				PRODUCT_NAME = "$(TARGET_NAME)";
				SWIFT_EMIT_LOC_STRINGS = YES;
				SWIFT_VERSION = 5.0;
				TARGETED_DEVICE_FAMILY = 1;
			};
			name = Debug;
		};
		022A44DF2801DED300424FC5 /* Release */ = {
			isa = XCBuildConfiguration;
			baseConfigurationReference = 65EFB1EFB5BA72C83B41406F /* Pods-MobUpTestTask.release.xcconfig */;
			buildSettings = {
				ASSETCATALOG_COMPILER_APPICON_NAME = AppIcon;
				ASSETCATALOG_COMPILER_GLOBAL_ACCENT_COLOR_NAME = AccentColor;
				CODE_SIGN_STYLE = Automatic;
				CURRENT_PROJECT_VERSION = 1;
				DEVELOPMENT_TEAM = R82749YG66;
				GENERATE_INFOPLIST_FILE = YES;
				INFOPLIST_FILE = MobUpTestTask/Info.plist;
				INFOPLIST_KEY_NSPhotoLibraryAddUsageDescription = "We want to save the filtered photo";
				INFOPLIST_KEY_UIApplicationSupportsIndirectInputEvents = YES;
				INFOPLIST_KEY_UILaunchStoryboardName = LaunchScreen;
				INFOPLIST_KEY_UIMainStoryboardFile = Main;
				INFOPLIST_KEY_UISupportedInterfaceOrientations = UIInterfaceOrientationPortrait;
				INFOPLIST_KEY_UISupportedInterfaceOrientations_iPad = "UIInterfaceOrientationPortrait UIInterfaceOrientationPortraitUpsideDown UIInterfaceOrientationLandscapeLeft UIInterfaceOrientationLandscapeRight";
				INFOPLIST_KEY_UISupportedInterfaceOrientations_iPhone = "UIInterfaceOrientationPortrait UIInterfaceOrientationLandscapeLeft UIInterfaceOrientationLandscapeRight";
				IPHONEOS_DEPLOYMENT_TARGET = 13.0;
				LD_RUNPATH_SEARCH_PATHS = (
					"$(inherited)",
					"@executable_path/Frameworks",
				);
				MARKETING_VERSION = 1.0;
				PRODUCT_BUNDLE_IDENTIFIER = sibe57.MobUpTestTask;
				PRODUCT_NAME = "$(TARGET_NAME)";
				SWIFT_EMIT_LOC_STRINGS = YES;
				SWIFT_VERSION = 5.0;
				TARGETED_DEVICE_FAMILY = 1;
			};
			name = Release;
		};
/* End XCBuildConfiguration section */

/* Begin XCConfigurationList section */
		022A44C42801DED300424FC5 /* Build configuration list for PBXProject "MobUpTestTask" */ = {
			isa = XCConfigurationList;
			buildConfigurations = (
				022A44DB2801DED300424FC5 /* Debug */,
				022A44DC2801DED300424FC5 /* Release */,
			);
			defaultConfigurationIsVisible = 0;
			defaultConfigurationName = Release;
		};
		022A44DD2801DED300424FC5 /* Build configuration list for PBXNativeTarget "MobUpTestTask" */ = {
			isa = XCConfigurationList;
			buildConfigurations = (
				022A44DE2801DED300424FC5 /* Debug */,
				022A44DF2801DED300424FC5 /* Release */,
			);
			defaultConfigurationIsVisible = 0;
			defaultConfigurationName = Release;
		};
/* End XCConfigurationList section */
	};
	rootObject = 022A44C12801DED300424FC5 /* Project object */;
}
